<?xml version="1.0" encoding="UTF-8" standalone="yes" ?>
<CodeBlocks_project_file>
	<FileVersion major="1" minor="6" />
	<Project>
		<Option title="Maxiquiosco" />
		<Option pch_mode="2" />
		<Option compiler="gcc" />
		<Build>
			<Target title="Debug">
				<Option output="bin/Debug/Maxiquiosco" prefix_auto="1" extension_auto="1" />
				<Option object_output="obj/Debug/" />
				<Option type="1" />
				<Option compiler="gcc" />
				<Compiler>
					<Add option="-g" />
				</Compiler>
			</Target>
			<Target title="Release">
				<Option output="bin/Release/Maxiquiosco" prefix_auto="1" extension_auto="1" />
				<Option object_output="obj/Release/" />
				<Option type="1" />
				<Option compiler="gcc" />
				<Compiler>
					<Add option="-O2" />
				</Compiler>
				<Linker>
					<Add option="-s" />
				</Linker>
			</Target>
		</Build>
		<Compiler>
			<Add option="-Wall" />
			<Add option="-fexceptions" />
		</Compiler>
		<Unit filename="Fecha.cpp" />
		<Unit filename="Fecha.h" />
		<Unit filename="Maxiquiosco.cbp" />
		<Unit filename="Maxiquiosco.depend" />
		<Unit filename="Maxiquiosco.layout" />
		<Unit filename="MenuCompra.cpp" />
		<Unit filename="MenuCompra.h" />
		<Unit filename="MenuProducto.cpp" />
		<Unit filename="MenuProducto.h" />
		<Unit filename="MenuProveedores.cpp" />
		<Unit filename="MenuProveedores.h" />
		<Unit filename="Proveedor.cpp" />
		<Unit filename="Proveedor.h">
			<Option target="&lt;{~None~}&gt;" />
		</Unit>
		<Unit filename="ProveedorFunciones.h">
			<Option target="&lt;{~None~}&gt;" />
		</Unit>
		<Unit filename="TipoProducto.cpp" />
		<Unit filename="TipoProducto.h" />
		<Unit filename="main.cpp" />
		<Extensions>
			<lib_finder disable_auto="1" />
		</Extensions>
	</Project>
</CodeBlocks_project_file>
